
Microsoft Visual Studio Solution File, Format Version 12.00
# Visual Studio Version 17
VisualStudioVersion = 17.4.33205.214
MinimumVisualStudioVersion = 10.0.40219.1
Project("{FAE04EC0-301F-11D3-BF4B-00C04F79EFBC}") = "Dungeon", "Dungeon.csproj", "{5CDB7B25-E543-429A-AA9D-B71E87722B39}"
EndProject
Project("{2150E333-8FDC-42A3-9474-1A3956D46DE8}") = "Solution Items", "Solution Items", "{DA4793A7-F27B-40D4-BCDF-C380D31C15E6}"
EndProject
Global
	GlobalSection(SolutionConfigurationPlatforms) = preSolution
		Debug|Any CPU = Debug|Any CPU
		Release|Any CPU = Release|Any CPU
	EndGlobalSection
	GlobalSection(ProjectConfigurationPlatforms) = postSolution
		{5CDB7B25-E543-429A-AA9D-B71E87722B39}.Debug|Any CPU.ActiveCfg = Debug|Any CPU
		{5CDB7B25-E543-429A-AA9D-B71E87722B39}.Debug|Any CPU.Build.0 = Debug|Any CPU
		{5CDB7B25-E543-429A-AA9D-B71E87722B39}.Release|Any CPU.ActiveCfg = Release|Any CPU
		{5CDB7B25-E543-429A-AA9D-B71E87722B39}.Release|Any CPU.Build.0 = Release|Any CPU
	EndGlobalSection
	GlobalSection(SolutionProperties) = preSolution
		HideSolutionNode = FALSE
	EndGlobalSection
	GlobalSection(ExtensibilityGlobals) = postSolution
		SolutionGuid = {50909B0D-2B68-4CE7-8DFC-AD33D9EA74BF}
	EndGlobalSection
EndGlobal
